
Microsoft Visual Studio Solution File, Format Version 12.00
# Visual Studio 15
VisualStudioVersion = 15.0.28010.2026
MinimumVisualStudioVersion = 10.0.40219.1
Project("{8BC9CEB8-8B4A-11D0-8D11-00A0C91BC942}") = "LinkedListLabStandard", "LinkedListLabStandard\LinkedListLabStandard.vcxproj", "{AE8634C8-78E8-4F07-A5F8-BB49C6F9BB03}"
EndProject
Global
	GlobalSection(SolutionConfigurationPlatforms) = preSolution
		Debug|x64 = Debug|x64
		Debug|x86 = Debug|x86
		Release|x64 = Release|x64
		Release|x86 = Release|x86
	EndGlobalSection
	GlobalSection(ProjectConfigurationPlatforms) = postSolution
		{AE8634C8-78E8-4F07-A5F8-BB49C6F9BB03}.Debug|x64.ActiveCfg = Debug|x64
		{AE8634C8-78E8-4F07-A5F8-BB49C6F9BB03}.Debug|x64.Build.0 = Debug|x64
		{AE8634C8-78E8-4F07-A5F8-BB49C6F9BB03}.Debug|x86.ActiveCfg = Debug|Win32
		{AE8634C8-78E8-4F07-A5F8-BB49C6F9BB03}.Debug|x86.Build.0 = Debug|Win32
		{AE8634C8-78E8-4F07-A5F8-BB49C6F9BB03}.Release|x64.ActiveCfg = Release|x64
		{AE8634C8-78E8-4F07-A5F8-BB49C6F9BB03}.Release|x64.Build.0 = Release|x64
		{AE8634C8-78E8-4F07-A5F8-BB49C6F9BB03}.Release|x86.ActiveCfg = Release|Win32
		{AE8634C8-78E8-4F07-A5F8-BB49C6F9BB03}.Release|x86.Build.0 = Release|Win32
	EndGlobalSection
	GlobalSection(SolutionProperties) = preSolution
		HideSolutionNode = FALSE
	EndGlobalSection
	GlobalSection(ExtensibilityGlobals) = postSolution
		SolutionGuid = {9FA5DD6E-5842-43BB-AE13-B48D7D030CB6}
	EndGlobalSection
EndGlobal
